
Microsoft Visual Studio Solution File, Format Version 12.00
# Visual Studio Version 17
VisualStudioVersion = 17.7.34031.279
MinimumVisualStudioVersion = 10.0.40219.1
Project("{FAE04EC0-301F-11D3-BF4B-00C04F79EFBC}") = "TicTacToeMinMax", "TicTacToeMinMax\TicTacToeMinMax.csproj", "{906EF7C9-B45E-4956-B987-7B1C84061FE4}"
EndProject
Global
	GlobalSection(SolutionConfigurationPlatforms) = preSolution
		Debug|Any CPU = Debug|Any CPU
		Release|Any CPU = Release|Any CPU
	EndGlobalSection
	GlobalSection(ProjectConfigurationPlatforms) = postSolution
		{906EF7C9-B45E-4956-B987-7B1C84061FE4}.Debug|Any CPU.ActiveCfg = Debug|Any CPU
		{906EF7C9-B45E-4956-B987-7B1C84061FE4}.Debug|Any CPU.Build.0 = Debug|Any CPU
		{906EF7C9-B45E-4956-B987-7B1C84061FE4}.Release|Any CPU.ActiveCfg = Release|Any CPU
		{906EF7C9-B45E-4956-B987-7B1C84061FE4}.Release|Any CPU.Build.0 = Release|Any CPU
	EndGlobalSection
	GlobalSection(SolutionProperties) = preSolution
		HideSolutionNode = FALSE
	EndGlobalSection
	GlobalSection(ExtensibilityGlobals) = postSolution
		SolutionGuid = {7D763BDA-628E-45CF-A504-15BE01CC7B69}
	EndGlobalSection
EndGlobal
